
Microsoft Visual Studio Solution File, Format Version 12.00
# Visual Studio Version 16
VisualStudioVersion = 16.0.31515.178
MinimumVisualStudioVersion = 10.0.40219.1
Project("{FAE04EC0-301F-11D3-BF4B-00C04F79EFBC}") = "Api.Sistema.Ponto", "Api.Sistema.Ponto\Api.Sistema.Ponto.csproj", "{ACE0BEFD-6EE6-4203-BFCA-C3E9F6A43493}"
EndProject
Global
	GlobalSection(SolutionConfigurationPlatforms) = preSolution
		Debug|Any CPU = Debug|Any CPU
		Release|Any CPU = Release|Any CPU
	EndGlobalSection
	GlobalSection(ProjectConfigurationPlatforms) = postSolution
		{ACE0BEFD-6EE6-4203-BFCA-C3E9F6A43493}.Debug|Any CPU.ActiveCfg = Debug|Any CPU
		{ACE0BEFD-6EE6-4203-BFCA-C3E9F6A43493}.Debug|Any CPU.Build.0 = Debug|Any CPU
		{ACE0BEFD-6EE6-4203-BFCA-C3E9F6A43493}.Release|Any CPU.ActiveCfg = Release|Any CPU
		{ACE0BEFD-6EE6-4203-BFCA-C3E9F6A43493}.Release|Any CPU.Build.0 = Release|Any CPU
	EndGlobalSection
	GlobalSection(SolutionProperties) = preSolution
		HideSolutionNode = FALSE
	EndGlobalSection
	GlobalSection(ExtensibilityGlobals) = postSolution
		SolutionGuid = {1C341694-A574-40EE-B050-F9B281C2CB99}
	EndGlobalSection
EndGlobal
